
Microsoft Visual Studio Solution File, Format Version 12.00
# Visual Studio Version 17
VisualStudioVersion = 17.7.34003.232
MinimumVisualStudioVersion = 10.0.40219.1
Project("{9A19103F-16F7-4668-BE54-9A1E7A4F7556}") = "TheUnnamed.Web.Blazor", "TheUnnamed.Web.Blazor\TheUnnamed.Web.Blazor.csproj", "{5C5234D6-087E-47D6-820E-A0AC85B19B91}"
EndProject
Project("{9A19103F-16F7-4668-BE54-9A1E7A4F7556}") = "TheUnnamed.Core.Database", "TheUnnamed.Core.Database\TheUnnamed.Core.Database.csproj", "{1211D4B8-97C2-4246-BEFD-0F6A5F40628A}"
EndProject
Project("{9A19103F-16F7-4668-BE54-9A1E7A4F7556}") = "TheUnnamed.Core.Database.Tests", "TheUnnamed.Core.Database.Tests\TheUnnamed.Core.Database.Tests.csproj", "{1908606B-8049-4F0D-9789-2F58F1FC206F}"
EndProject
Project("{E53339B2-1760-4266-BCC7-CA923CBCF16C}") = "docker-compose", "docker-compose.dcproj", "{4ADE4397-2617-47C1-B96D-BE6F79065187}"
EndProject
Project("{9A19103F-16F7-4668-BE54-9A1E7A4F7556}") = "TheUnnamed.Core.Storage", "TheUnnamed.Core.Storage\TheUnnamed.Core.Storage.csproj", "{A432C058-8128-4D5E-AD38-B82708C985DA}"
EndProject
Project("{9A19103F-16F7-4668-BE54-9A1E7A4F7556}") = "TheUnnamed.Domain", "..\TheUnnamed.Domain\TheUnnamed.Domain.csproj", "{136E1D70-F0FB-400B-93E8-C78A3F5D61FB}"
EndProject
Project("{2150E333-8FDC-42A3-9474-1A3956D46DE8}") = "Domain", "Domain", "{305AB31A-972B-4BB8-805A-BA3CA6A8C0F8}"
EndProject
Project("{2150E333-8FDC-42A3-9474-1A3956D46DE8}") = "Application", "Application", "{4DFF1F8C-E238-42AF-A920-AD5E682CADAE}"
EndProject
Project("{2150E333-8FDC-42A3-9474-1A3956D46DE8}") = "Infrastructure", "Infrastructure", "{83F17F4E-FD2D-49AF-AA6C-4B0474BD3F8D}"
EndProject
Project("{2150E333-8FDC-42A3-9474-1A3956D46DE8}") = "Web", "Web", "{8BCD06AA-AD10-434C-BE32-23BE19408C4F}"
EndProject
Project("{9A19103F-16F7-4668-BE54-9A1E7A4F7556}") = "TheUnnamed.Infrastructure.Database", "..\TheUnnamed.Infrastructure.Database\TheUnnamed.Infrastructure.Database.csproj", "{E5A570AB-20E7-4041-BAAF-36AF465BE248}"
EndProject
Project("{9A19103F-16F7-4668-BE54-9A1E7A4F7556}") = "TheUnnamed.Infrastructure.Storage", "..\TheUnnamed.Infrastructure.Storage\TheUnnamed.Infrastructure.Storage.csproj", "{9E94685F-211B-4A6A-B453-E032C5ACE0DE}"
EndProject
Project("{FAE04EC0-301F-11D3-BF4B-00C04F79EFBC}") = "TheUnnamed.Application", "..\TheUnnamed.Application\TheUnnamed.Application.csproj", "{8FF10044-77CC-43C3-A342-5242B95BEE59}"
EndProject
Global
	GlobalSection(SolutionConfigurationPlatforms) = preSolution
		Debug|Any CPU = Debug|Any CPU
		Release|Any CPU = Release|Any CPU
	EndGlobalSection
	GlobalSection(ProjectConfigurationPlatforms) = postSolution
		{5C5234D6-087E-47D6-820E-A0AC85B19B91}.Debug|Any CPU.ActiveCfg = Debug|Any CPU
		{5C5234D6-087E-47D6-820E-A0AC85B19B91}.Debug|Any CPU.Build.0 = Debug|Any CPU
		{5C5234D6-087E-47D6-820E-A0AC85B19B91}.Release|Any CPU.ActiveCfg = Release|Any CPU
		{5C5234D6-087E-47D6-820E-A0AC85B19B91}.Release|Any CPU.Build.0 = Release|Any CPU
		{1211D4B8-97C2-4246-BEFD-0F6A5F40628A}.Debug|Any CPU.ActiveCfg = Debug|Any CPU
		{1211D4B8-97C2-4246-BEFD-0F6A5F40628A}.Debug|Any CPU.Build.0 = Debug|Any CPU
		{1211D4B8-97C2-4246-BEFD-0F6A5F40628A}.Release|Any CPU.ActiveCfg = Release|Any CPU
		{1211D4B8-97C2-4246-BEFD-0F6A5F40628A}.Release|Any CPU.Build.0 = Release|Any CPU
		{1908606B-8049-4F0D-9789-2F58F1FC206F}.Debug|Any CPU.ActiveCfg = Debug|Any CPU
		{1908606B-8049-4F0D-9789-2F58F1FC206F}.Debug|Any CPU.Build.0 = Debug|Any CPU
		{1908606B-8049-4F0D-9789-2F58F1FC206F}.Release|Any CPU.ActiveCfg = Release|Any CPU
		{1908606B-8049-4F0D-9789-2F58F1FC206F}.Release|Any CPU.Build.0 = Release|Any CPU
		{4ADE4397-2617-47C1-B96D-BE6F79065187}.Debug|Any CPU.ActiveCfg = Debug|Any CPU
		{4ADE4397-2617-47C1-B96D-BE6F79065187}.Debug|Any CPU.Build.0 = Debug|Any CPU
		{4ADE4397-2617-47C1-B96D-BE6F79065187}.Release|Any CPU.ActiveCfg = Release|Any CPU
		{4ADE4397-2617-47C1-B96D-BE6F79065187}.Release|Any CPU.Build.0 = Release|Any CPU
		{A432C058-8128-4D5E-AD38-B82708C985DA}.Debug|Any CPU.ActiveCfg = Debug|Any CPU
		{A432C058-8128-4D5E-AD38-B82708C985DA}.Debug|Any CPU.Build.0 = Debug|Any CPU
		{A432C058-8128-4D5E-AD38-B82708C985DA}.Release|Any CPU.ActiveCfg = Release|Any CPU
		{A432C058-8128-4D5E-AD38-B82708C985DA}.Release|Any CPU.Build.0 = Release|Any CPU
		{136E1D70-F0FB-400B-93E8-C78A3F5D61FB}.Debug|Any CPU.ActiveCfg = Debug|Any CPU
		{136E1D70-F0FB-400B-93E8-C78A3F5D61FB}.Debug|Any CPU.Build.0 = Debug|Any CPU
		{136E1D70-F0FB-400B-93E8-C78A3F5D61FB}.Release|Any CPU.ActiveCfg = Release|Any CPU
		{136E1D70-F0FB-400B-93E8-C78A3F5D61FB}.Release|Any CPU.Build.0 = Release|Any CPU
		{E5A570AB-20E7-4041-BAAF-36AF465BE248}.Debug|Any CPU.ActiveCfg = Debug|Any CPU
		{E5A570AB-20E7-4041-BAAF-36AF465BE248}.Debug|Any CPU.Build.0 = Debug|Any CPU
		{E5A570AB-20E7-4041-BAAF-36AF465BE248}.Release|Any CPU.ActiveCfg = Release|Any CPU
		{E5A570AB-20E7-4041-BAAF-36AF465BE248}.Release|Any CPU.Build.0 = Release|Any CPU
		{9E94685F-211B-4A6A-B453-E032C5ACE0DE}.Debug|Any CPU.ActiveCfg = Debug|Any CPU
		{9E94685F-211B-4A6A-B453-E032C5ACE0DE}.Debug|Any CPU.Build.0 = Debug|Any CPU
		{9E94685F-211B-4A6A-B453-E032C5ACE0DE}.Release|Any CPU.ActiveCfg = Release|Any CPU
		{9E94685F-211B-4A6A-B453-E032C5ACE0DE}.Release|Any CPU.Build.0 = Release|Any CPU
		{8FF10044-77CC-43C3-A342-5242B95BEE59}.Debug|Any CPU.ActiveCfg = Debug|Any CPU
		{8FF10044-77CC-43C3-A342-5242B95BEE59}.Debug|Any CPU.Build.0 = Debug|Any CPU
		{8FF10044-77CC-43C3-A342-5242B95BEE59}.Release|Any CPU.ActiveCfg = Release|Any CPU
		{8FF10044-77CC-43C3-A342-5242B95BEE59}.Release|Any CPU.Build.0 = Release|Any CPU
	EndGlobalSection
	GlobalSection(SolutionProperties) = preSolution
		HideSolutionNode = FALSE
	EndGlobalSection
	GlobalSection(NestedProjects) = preSolution
		{136E1D70-F0FB-400B-93E8-C78A3F5D61FB} = {305AB31A-972B-4BB8-805A-BA3CA6A8C0F8}
		{E5A570AB-20E7-4041-BAAF-36AF465BE248} = {83F17F4E-FD2D-49AF-AA6C-4B0474BD3F8D}
		{9E94685F-211B-4A6A-B453-E032C5ACE0DE} = {83F17F4E-FD2D-49AF-AA6C-4B0474BD3F8D}
		{8FF10044-77CC-43C3-A342-5242B95BEE59} = {4DFF1F8C-E238-42AF-A920-AD5E682CADAE}
	EndGlobalSection
	GlobalSection(ExtensibilityGlobals) = postSolution
		SolutionGuid = {15126170-0C93-421A-B1B9-FCBFD0F23126}
	EndGlobalSection
EndGlobal
